
Microsoft Visual Studio Solution File, Format Version 12.00
# Visual Studio 15
Project("{FAE04EC0-301F-11D3-BF4B-00C04F79EFBC}") = "Unity.XR.Interaction.Toolkit.Samples.StarterAssets", "Unity.XR.Interaction.Toolkit.Samples.StarterAssets.csproj", "{01B34809-5A7A-1D25-C1C2-7E7C912B8875}"
EndProject
Project("{FAE04EC0-301F-11D3-BF4B-00C04F79EFBC}") = "Unity.XR.Interaction.Toolkit.Samples.DeviceSimulator", "Unity.XR.Interaction.Toolkit.Samples.DeviceSimulator.csproj", "{99AB6443-BA4B-19F0-A039-16BFC9B3E06D}"
EndProject
Project("{FAE04EC0-301F-11D3-BF4B-00C04F79EFBC}") = "Unity.XR.Interaction.Toolkit.Samples.StarterAssets.Editor", "Unity.XR.Interaction.Toolkit.Samples.StarterAssets.Editor.csproj", "{824D2880-5CF3-403A-7D94-09593DF3D5C7}"
EndProject
Global
	GlobalSection(SolutionConfigurationPlatforms) = preSolution
		Debug|Any CPU = Debug|Any CPU
		Release|Any CPU = Release|Any CPU
	EndGlobalSection
	GlobalSection(ProjectConfigurationPlatforms) = postSolution
		{01B34809-5A7A-1D25-C1C2-7E7C912B8875}.Debug|Any CPU.ActiveCfg = Debug|Any CPU
		{01B34809-5A7A-1D25-C1C2-7E7C912B8875}.Debug|Any CPU.Build.0 = Debug|Any CPU
		{01B34809-5A7A-1D25-C1C2-7E7C912B8875}.Release|Any CPU.ActiveCfg = Release|Any CPU
		{01B34809-5A7A-1D25-C1C2-7E7C912B8875}.Release|Any CPU.Build.0 = Release|Any CPU
		{99AB6443-BA4B-19F0-A039-16BFC9B3E06D}.Debug|Any CPU.ActiveCfg = Debug|Any CPU
		{99AB6443-BA4B-19F0-A039-16BFC9B3E06D}.Debug|Any CPU.Build.0 = Debug|Any CPU
		{99AB6443-BA4B-19F0-A039-16BFC9B3E06D}.Release|Any CPU.ActiveCfg = Release|Any CPU
		{99AB6443-BA4B-19F0-A039-16BFC9B3E06D}.Release|Any CPU.Build.0 = Release|Any CPU
		{824D2880-5CF3-403A-7D94-09593DF3D5C7}.Debug|Any CPU.ActiveCfg = Debug|Any CPU
		{824D2880-5CF3-403A-7D94-09593DF3D5C7}.Debug|Any CPU.Build.0 = Debug|Any CPU
		{824D2880-5CF3-403A-7D94-09593DF3D5C7}.Release|Any CPU.ActiveCfg = Release|Any CPU
		{824D2880-5CF3-403A-7D94-09593DF3D5C7}.Release|Any CPU.Build.0 = Release|Any CPU
	EndGlobalSection
	GlobalSection(SolutionProperties) = preSolution
		HideSolutionNode = FALSE
	EndGlobalSection
EndGlobal
